
Microsoft Visual Studio Solution File, Format Version 12.00
# Visual Studio Version 16
VisualStudioVersion = 16.0.30804.86
MinimumVisualStudioVersion = 10.0.40219.1
Project("{9A19103F-16F7-4668-BE54-9A1E7A4F7556}") = "RevenueTracker", "RevenueTracker\RevenueTracker.csproj", "{1F881935-2183-45A7-9CCB-485D75EBC06C}"
EndProject
Global
	GlobalSection(SolutionConfigurationPlatforms) = preSolution
		Debug|Any CPU = Debug|Any CPU
		Release|Any CPU = Release|Any CPU
	EndGlobalSection
	GlobalSection(ProjectConfigurationPlatforms) = postSolution
		{1F881935-2183-45A7-9CCB-485D75EBC06C}.Debug|Any CPU.ActiveCfg = Debug|Any CPU
		{1F881935-2183-45A7-9CCB-485D75EBC06C}.Debug|Any CPU.Build.0 = Debug|Any CPU
		{1F881935-2183-45A7-9CCB-485D75EBC06C}.Release|Any CPU.ActiveCfg = Release|Any CPU
		{1F881935-2183-45A7-9CCB-485D75EBC06C}.Release|Any CPU.Build.0 = Release|Any CPU
	EndGlobalSection
	GlobalSection(SolutionProperties) = preSolution
		HideSolutionNode = FALSE
	EndGlobalSection
	GlobalSection(ExtensibilityGlobals) = postSolution
		SolutionGuid = {B97E7D4F-A8F4-4F9F-88F9-6263AABE1B57}
	EndGlobalSection
EndGlobal
